
Microsoft Visual Studio Solution File, Format Version 12.00
# Visual Studio Version 16
VisualStudioVersion = 16.0.29613.14
MinimumVisualStudioVersion = 10.0.40219.1
Project("{FAE04EC0-301F-11D3-BF4B-00C04F79EFBC}") = "wikiDetox", "wikiDetox\wikiDetox.csproj", "{A68FD1C0-3BF6-48A1-A67E-FB9A953E9E0B}"
EndProject
Project("{FAE04EC0-301F-11D3-BF4B-00C04F79EFBC}") = "DetoxConverter", "DetoxConverter\DetoxConverter.csproj", "{21DF4519-9E82-4919-9DF6-15D0C287BB7F}"
EndProject
Global
	GlobalSection(SolutionConfigurationPlatforms) = preSolution
		Debug|Any CPU = Debug|Any CPU
		Release|Any CPU = Release|Any CPU
	EndGlobalSection
	GlobalSection(ProjectConfigurationPlatforms) = postSolution
		{A68FD1C0-3BF6-48A1-A67E-FB9A953E9E0B}.Debug|Any CPU.ActiveCfg = Debug|Any CPU
		{A68FD1C0-3BF6-48A1-A67E-FB9A953E9E0B}.Debug|Any CPU.Build.0 = Debug|Any CPU
		{A68FD1C0-3BF6-48A1-A67E-FB9A953E9E0B}.Release|Any CPU.ActiveCfg = Release|Any CPU
		{A68FD1C0-3BF6-48A1-A67E-FB9A953E9E0B}.Release|Any CPU.Build.0 = Release|Any CPU
		{21DF4519-9E82-4919-9DF6-15D0C287BB7F}.Debug|Any CPU.ActiveCfg = Debug|Any CPU
		{21DF4519-9E82-4919-9DF6-15D0C287BB7F}.Debug|Any CPU.Build.0 = Debug|Any CPU
		{21DF4519-9E82-4919-9DF6-15D0C287BB7F}.Release|Any CPU.ActiveCfg = Release|Any CPU
		{21DF4519-9E82-4919-9DF6-15D0C287BB7F}.Release|Any CPU.Build.0 = Release|Any CPU
	EndGlobalSection
	GlobalSection(SolutionProperties) = preSolution
		HideSolutionNode = FALSE
	EndGlobalSection
	GlobalSection(ExtensibilityGlobals) = postSolution
		SolutionGuid = {193B53AB-1A31-44BA-B787-E6E59F645227}
	EndGlobalSection
EndGlobal
